
Microsoft Visual Studio Solution File, Format Version 12.00
# Visual Studio Version 17
VisualStudioVersion = 17.2.32630.192
MinimumVisualStudioVersion = 10.0.40219.1
Project("{FAE04EC0-301F-11D3-BF4B-00C04F79EFBC}") = "ProductApi", "ProductApi.csproj", "{D4BFBB86-BC45-4F52-B248-A2AF4802B055}"
EndProject
Global
	GlobalSection(SolutionConfigurationPlatforms) = preSolution
		Debug|Any CPU = Debug|Any CPU
		Release|Any CPU = Release|Any CPU
	EndGlobalSection
	GlobalSection(ProjectConfigurationPlatforms) = postSolution
		{D4BFBB86-BC45-4F52-B248-A2AF4802B055}.Debug|Any CPU.ActiveCfg = Debug|Any CPU
		{D4BFBB86-BC45-4F52-B248-A2AF4802B055}.Debug|Any CPU.Build.0 = Debug|Any CPU
		{D4BFBB86-BC45-4F52-B248-A2AF4802B055}.Release|Any CPU.ActiveCfg = Release|Any CPU
		{D4BFBB86-BC45-4F52-B248-A2AF4802B055}.Release|Any CPU.Build.0 = Release|Any CPU
	EndGlobalSection
	GlobalSection(SolutionProperties) = preSolution
		HideSolutionNode = FALSE
	EndGlobalSection
	GlobalSection(ExtensibilityGlobals) = postSolution
		SolutionGuid = {A603D790-BB9A-4C7C-B04F-A85B884924F0}
	EndGlobalSection
EndGlobal
